<?xml version="1.0" encoding="UTF-8" standalone="yes" ?>
<CodeBlocks_project_file>
	<FileVersion major="1" minor="6" />
	<Project>
		<Option title="The Classic Tetris Game" />
		<Option pch_mode="2" />
		<Option compiler="gcc" />
		<Build>
			<Target title="Debug">
				<Option output="bin/Debug/The Classic Tetris Game" prefix_auto="1" extension_auto="1" />
				<Option object_output="obj/Debug/" />
				<Option type="0" />
				<Option compiler="gcc" />
				<Compiler>
					<Add option="-g" />
					<Add directory="D:/Programming Essentials/Ext. Libraries/The Snake Game ( Game Engine)/SDL_GL Program Kit/include" />
				</Compiler>
				<Linker>
					<Add option="-lmingw32" />
					<Add option="-lSDL2main" />
					<Add option="-lSDL2" />
					<Add option="-lSDL2_image" />
					<Add option="-lSDL2_ttf" />
					<Add option="-lSDL2_mixer" />
					<Add directory="D:/Programming Essentials/Ext. Libraries/The Snake Game ( Game Engine)/SDL_GL Program Kit/lib" />
				</Linker>
			</Target>
			<Target title="Release">
				<Option output="bin/Release/The Classic Tetris Game" prefix_auto="1" extension_auto="1" />
				<Option object_output="obj/Release/" />
				<Option type="0" />
				<Option compiler="gcc" />
				<Compiler>
					<Add option="-O2" />
				</Compiler>
				<Linker>
					<Add option="-s" />
				</Linker>
			</Target>
		</Build>
		<Compiler>
			<Add option="-Wall" />
			<Add directory="../The Snake Game/SDL2/include/SDL2" />
		</Compiler>
		<Linker>
			<Add option="-lmingw32 -lSDL2main -lSDL2 -lSDL2_image -lSDL2_ttf -lSDL2_mixer" />
			<Add library="../The Snake Game/SDL2/lib/libSDL2.a" />
			<Add library="../The Snake Game/SDL2/lib/libSDL2.dll.a" />
			<Add library="../The Snake Game/SDL2/lib/libSDL2_image.a" />
			<Add library="../The Snake Game/SDL2/lib/libSDL2_image.dll.a" />
			<Add library="../The Snake Game/SDL2/lib/libSDL2_mixer.a" />
			<Add library="../The Snake Game/SDL2/lib/libSDL2_mixer.dll.a" />
			<Add library="../The Snake Game/SDL2/lib/libSDL2_test.a" />
			<Add library="../The Snake Game/SDL2/lib/libSDL2_ttf.a" />
			<Add library="../The Snake Game/SDL2/lib/libSDL2_ttf.dll.a" />
			<Add library="../The Snake Game/SDL2/lib/libSDL2main.a" />
			<Add directory="../The Snake Game/SDL2/lib" />
		</Linker>
		<Unit filename="Block.cpp" />
		<Unit filename="Block.h" />
		<Unit filename="Game.cpp" />
		<Unit filename="Game.h" />
		<Unit filename="GameCanvas.cpp" />
		<Unit filename="GameCanvas.h" />
		<Unit filename="Tiles.cpp" />
		<Unit filename="Tiles.h" />
		<Unit filename="imageHandler.cpp" />
		<Unit filename="imageHandler.h" />
		<Unit filename="main.cpp" />
		<Unit filename="soundHandler.cpp" />
		<Unit filename="soundHandler.h" />
		<Extensions>
			<lib_finder disable_auto="1" />
		</Extensions>
	</Project>
</CodeBlocks_project_file>
